
Microsoft Visual Studio Solution File, Format Version 12.00
# Visual Studio Version 17
VisualStudioVersion = 17.1.32319.34
MinimumVisualStudioVersion = 10.0.40219.1
Project("{9A19103F-16F7-4668-BE54-9A1E7A4F7556}") = "ThreadInWPF", "ThreadInWPF\ThreadInWPF.csproj", "{58B4B8B2-1DF6-4B1F-8135-8B3158814B4C}"
EndProject
Project("{9A19103F-16F7-4668-BE54-9A1E7A4F7556}") = "FakeScaner", "FakeScaner\FakeScaner.csproj", "{DC1BD21C-C121-4DE4-A56E-094504000B88}"
EndProject
Project("{FAE04EC0-301F-11D3-BF4B-00C04F79EFBC}") = "SkanerToFakeSkaner", "SkanerToFakeSkaner\SkanerToFakeSkaner.csproj", "{DC5ED180-3115-49C5-AEBC-E791C57CC9FC}"
EndProject
Global
	GlobalSection(SolutionConfigurationPlatforms) = preSolution
		Debug|Any CPU = Debug|Any CPU
		Release|Any CPU = Release|Any CPU
	EndGlobalSection
	GlobalSection(ProjectConfigurationPlatforms) = postSolution
		{58B4B8B2-1DF6-4B1F-8135-8B3158814B4C}.Debug|Any CPU.ActiveCfg = Debug|Any CPU
		{58B4B8B2-1DF6-4B1F-8135-8B3158814B4C}.Debug|Any CPU.Build.0 = Debug|Any CPU
		{58B4B8B2-1DF6-4B1F-8135-8B3158814B4C}.Release|Any CPU.ActiveCfg = Release|Any CPU
		{58B4B8B2-1DF6-4B1F-8135-8B3158814B4C}.Release|Any CPU.Build.0 = Release|Any CPU
		{DC1BD21C-C121-4DE4-A56E-094504000B88}.Debug|Any CPU.ActiveCfg = Debug|Any CPU
		{DC1BD21C-C121-4DE4-A56E-094504000B88}.Debug|Any CPU.Build.0 = Debug|Any CPU
		{DC1BD21C-C121-4DE4-A56E-094504000B88}.Release|Any CPU.ActiveCfg = Release|Any CPU
		{DC1BD21C-C121-4DE4-A56E-094504000B88}.Release|Any CPU.Build.0 = Release|Any CPU
		{DC5ED180-3115-49C5-AEBC-E791C57CC9FC}.Debug|Any CPU.ActiveCfg = Debug|Any CPU
		{DC5ED180-3115-49C5-AEBC-E791C57CC9FC}.Debug|Any CPU.Build.0 = Debug|Any CPU
		{DC5ED180-3115-49C5-AEBC-E791C57CC9FC}.Release|Any CPU.ActiveCfg = Release|Any CPU
		{DC5ED180-3115-49C5-AEBC-E791C57CC9FC}.Release|Any CPU.Build.0 = Release|Any CPU
	EndGlobalSection
	GlobalSection(SolutionProperties) = preSolution
		HideSolutionNode = FALSE
	EndGlobalSection
	GlobalSection(ExtensibilityGlobals) = postSolution
		SolutionGuid = {AA7E031C-3134-4A30-B13E-28AC12D3CD4F}
	EndGlobalSection
EndGlobal
